
Microsoft Visual Studio Solution File, Format Version 12.00
# Visual Studio Version 17
VisualStudioVersion = 17.0.32112.339
MinimumVisualStudioVersion = 10.0.40219.1
Project("{9A19103F-16F7-4668-BE54-9A1E7A4F7556}") = "M220N", "M220N.csproj", "{868999B0-3FA5-45E1-A594-4AECAA674ADE}"
EndProject
Global
	GlobalSection(SolutionConfigurationPlatforms) = preSolution
		Debug|Any CPU = Debug|Any CPU
		Release|Any CPU = Release|Any CPU
	EndGlobalSection
	GlobalSection(ProjectConfigurationPlatforms) = postSolution
		{868999B0-3FA5-45E1-A594-4AECAA674ADE}.Debug|Any CPU.ActiveCfg = Debug|Any CPU
		{868999B0-3FA5-45E1-A594-4AECAA674ADE}.Debug|Any CPU.Build.0 = Debug|Any CPU
		{868999B0-3FA5-45E1-A594-4AECAA674ADE}.Release|Any CPU.ActiveCfg = Release|Any CPU
		{868999B0-3FA5-45E1-A594-4AECAA674ADE}.Release|Any CPU.Build.0 = Release|Any CPU
	EndGlobalSection
	GlobalSection(SolutionProperties) = preSolution
		HideSolutionNode = FALSE
	EndGlobalSection
	GlobalSection(ExtensibilityGlobals) = postSolution
		SolutionGuid = {69D3E81A-6042-438F-8945-4E8C1F9AF262}
	EndGlobalSection
EndGlobal
